
Microsoft Visual Studio Solution File, Format Version 12.00
# Visual Studio Version 16
VisualStudioVersion = 16.0.29709.97
MinimumVisualStudioVersion = 10.0.40219.1
Project("{FAE04EC0-301F-11D3-BF4B-00C04F79EFBC}") = "BlazorMovieApp.Server", "BlazorMovieApp\Server\BlazorMovieApp.Server.csproj", "{72BFB625-FE56-4675-B5DD-B9932EC0872B}"
EndProject
Project("{FAE04EC0-301F-11D3-BF4B-00C04F79EFBC}") = "BlazorMovieApp.Client", "BlazorMovieApp\Client\BlazorMovieApp.Client.csproj", "{0D6512AD-D483-4DE4-8505-4711DA3A34FD}"
EndProject
Project("{FAE04EC0-301F-11D3-BF4B-00C04F79EFBC}") = "BlazorMovieApp.Shared", "BlazorMovieApp\Shared\BlazorMovieApp.Shared.csproj", "{B44C4715-F07C-4F8C-90A4-BCE5D4F592B9}"
EndProject
Global
	GlobalSection(SolutionConfigurationPlatforms) = preSolution
		Debug|Any CPU = Debug|Any CPU
		Release|Any CPU = Release|Any CPU
	EndGlobalSection
	GlobalSection(ProjectConfigurationPlatforms) = postSolution
		{72BFB625-FE56-4675-B5DD-B9932EC0872B}.Debug|Any CPU.ActiveCfg = Debug|Any CPU
		{72BFB625-FE56-4675-B5DD-B9932EC0872B}.Debug|Any CPU.Build.0 = Debug|Any CPU
		{72BFB625-FE56-4675-B5DD-B9932EC0872B}.Release|Any CPU.ActiveCfg = Release|Any CPU
		{72BFB625-FE56-4675-B5DD-B9932EC0872B}.Release|Any CPU.Build.0 = Release|Any CPU
		{0D6512AD-D483-4DE4-8505-4711DA3A34FD}.Debug|Any CPU.ActiveCfg = Debug|Any CPU
		{0D6512AD-D483-4DE4-8505-4711DA3A34FD}.Debug|Any CPU.Build.0 = Debug|Any CPU
		{0D6512AD-D483-4DE4-8505-4711DA3A34FD}.Release|Any CPU.ActiveCfg = Release|Any CPU
		{0D6512AD-D483-4DE4-8505-4711DA3A34FD}.Release|Any CPU.Build.0 = Release|Any CPU
		{B44C4715-F07C-4F8C-90A4-BCE5D4F592B9}.Debug|Any CPU.ActiveCfg = Debug|Any CPU
		{B44C4715-F07C-4F8C-90A4-BCE5D4F592B9}.Debug|Any CPU.Build.0 = Debug|Any CPU
		{B44C4715-F07C-4F8C-90A4-BCE5D4F592B9}.Release|Any CPU.ActiveCfg = Release|Any CPU
		{B44C4715-F07C-4F8C-90A4-BCE5D4F592B9}.Release|Any CPU.Build.0 = Release|Any CPU
	EndGlobalSection
	GlobalSection(SolutionProperties) = preSolution
		HideSolutionNode = FALSE
	EndGlobalSection
	GlobalSection(ExtensibilityGlobals) = postSolution
		SolutionGuid = {1B42959C-8898-4FC3-9F70-6866E12AAB20}
	EndGlobalSection
EndGlobal
